// !$*UTF8*$!
{
	archiveVersion = 1;
	classes = {
	};
	objectVersion = 55;
	objects = {

/* Begin PBXBuildFile section */
		FD3E5E2028EF4DB100C5CE1F /* AppDelegate.swift in Sources */ = {isa = PBXBuildFile; fileRef = FD3E5E1F28EF4DB100C5CE1F /* AppDelegate.swift */; };
		FD3E5E2228EF4DB100C5CE1F /* SceneDelegate.swift in Sources */ = {isa = PBXBuildFile; fileRef = FD3E5E2128EF4DB100C5CE1F /* SceneDelegate.swift */; };
		FD3E5E2428EF4DB100C5CE1F /* ViewController.swift in Sources */ = {isa = PBXBuildFile; fileRef = FD3E5E2328EF4DB100C5CE1F /* ViewController.swift */; };
		FD3E5E2728EF4DB100C5CE1F /* Main.storyboard in Resources */ = {isa = PBXBuildFile; fileRef = FD3E5E2528EF4DB100C5CE1F /* Main.storyboard */; };
		FD3E5E2A28EF4DB100C5CE1F /* Weather.xcdatamodeld in Sources */ = {isa = PBXBuildFile; fileRef = FD3E5E2828EF4DB100C5CE1F /* Weather.xcdatamodeld */; };
		FD3E5E2C28EF4DB200C5CE1F /* Assets.xcassets in Resources */ = {isa = PBXBuildFile; fileRef = FD3E5E2B28EF4DB200C5CE1F /* Assets.xcassets */; };
		FD3E5E2F28EF4DB200C5CE1F /* LaunchScreen.storyboard in Resources */ = {isa = PBXBuildFile; fileRef = FD3E5E2D28EF4DB200C5CE1F /* LaunchScreen.storyboard */; };
		FD3E5E3728EF4DE000C5CE1F /* CoreDataManager.swift in Sources */ = {isa = PBXBuildFile; fileRef = FD3E5E3628EF4DE000C5CE1F /* CoreDataManager.swift */; };
		FD3E5E3928EF4EAD00C5CE1F /* PermissionViewController.swift in Sources */ = {isa = PBXBuildFile; fileRef = FD3E5E3828EF4EAD00C5CE1F /* PermissionViewController.swift */; };
		FD3E5E3B28EF51E700C5CE1F /* UIView+Extention.swift in Sources */ = {isa = PBXBuildFile; fileRef = FD3E5E3A28EF51E700C5CE1F /* UIView+Extention.swift */; };
		FD3E5E3D28EF542900C5CE1F /* ALConstants.swift in Sources */ = {isa = PBXBuildFile; fileRef = FD3E5E3C28EF542900C5CE1F /* ALConstants.swift */; };
		FD69AEAA2945099F00A4A391 /* SettingsViewController.swift in Sources */ = {isa = PBXBuildFile; fileRef = FD69AEA92945099F00A4A391 /* SettingsViewController.swift */; };
		FD69AEAD2945E79900A4A391 /* DaySummaryWeatherViewController.swift in Sources */ = {isa = PBXBuildFile; fileRef = FD69AEAC2945E79900A4A391 /* DaySummaryWeatherViewController.swift */; };
		FD69AEBC29464F1A00A4A391 /* Rubik-ExtraBold.ttf in Resources */ = {isa = PBXBuildFile; fileRef = FD69AEAE29464F1900A4A391 /* Rubik-ExtraBold.ttf */; };
		FD69AEBD29464F1A00A4A391 /* Rubik-Bold.ttf in Resources */ = {isa = PBXBuildFile; fileRef = FD69AEAF29464F1900A4A391 /* Rubik-Bold.ttf */; };
		FD69AEBE29464F1A00A4A391 /* Rubik-ExtraBoldItalic.ttf in Resources */ = {isa = PBXBuildFile; fileRef = FD69AEB029464F1900A4A391 /* Rubik-ExtraBoldItalic.ttf */; };
		FD69AEBF29464F1A00A4A391 /* Rubik-Regular.ttf in Resources */ = {isa = PBXBuildFile; fileRef = FD69AEB129464F1A00A4A391 /* Rubik-Regular.ttf */; };
		FD69AEC029464F1A00A4A391 /* Rubik-BlackItalic.ttf in Resources */ = {isa = PBXBuildFile; fileRef = FD69AEB229464F1A00A4A391 /* Rubik-BlackItalic.ttf */; };
		FD69AEC129464F1A00A4A391 /* Rubik-Italic.ttf in Resources */ = {isa = PBXBuildFile; fileRef = FD69AEB329464F1A00A4A391 /* Rubik-Italic.ttf */; };
		FD69AEC229464F1A00A4A391 /* Rubik-SemiBoldItalic.ttf in Resources */ = {isa = PBXBuildFile; fileRef = FD69AEB429464F1A00A4A391 /* Rubik-SemiBoldItalic.ttf */; };
		FD69AEC329464F1A00A4A391 /* Rubik-Black.ttf in Resources */ = {isa = PBXBuildFile; fileRef = FD69AEB529464F1A00A4A391 /* Rubik-Black.ttf */; };
		FD69AEC429464F1A00A4A391 /* Rubik-Medium.ttf in Resources */ = {isa = PBXBuildFile; fileRef = FD69AEB629464F1A00A4A391 /* Rubik-Medium.ttf */; };
		FD69AEC529464F1A00A4A391 /* Rubik-SemiBold.ttf in Resources */ = {isa = PBXBuildFile; fileRef = FD69AEB729464F1A00A4A391 /* Rubik-SemiBold.ttf */; };
		FD69AEC629464F1A00A4A391 /* Rubik-Light.ttf in Resources */ = {isa = PBXBuildFile; fileRef = FD69AEB829464F1A00A4A391 /* Rubik-Light.ttf */; };
		FD69AEC729464F1A00A4A391 /* Rubik-MediumItalic.ttf in Resources */ = {isa = PBXBuildFile; fileRef = FD69AEB929464F1A00A4A391 /* Rubik-MediumItalic.ttf */; };
		FD69AEC829464F1A00A4A391 /* Rubik-LightItalic.ttf in Resources */ = {isa = PBXBuildFile; fileRef = FD69AEBA29464F1A00A4A391 /* Rubik-LightItalic.ttf */; };
		FD69AEC929464F1A00A4A391 /* Rubik-BoldItalic.ttf in Resources */ = {isa = PBXBuildFile; fileRef = FD69AEBB29464F1A00A4A391 /* Rubik-BoldItalic.ttf */; };
		FD69AECC2947ADEE00A4A391 /* CitiesPageViewController.swift in Sources */ = {isa = PBXBuildFile; fileRef = FD69AECB2947ADEE00A4A391 /* CitiesPageViewController.swift */; };
		FD69AECE294F2E2C00A4A391 /* CityViewController.swift in Sources */ = {isa = PBXBuildFile; fileRef = FD69AECD294F2E2C00A4A391 /* CityViewController.swift */; };
		FD69AED0294F382400A4A391 /* DayWeatherView.swift in Sources */ = {isa = PBXBuildFile; fileRef = FD69AECF294F382400A4A391 /* DayWeatherView.swift */; };
		FD91229D2958E7C100248104 /* HourlyWeatherCollectionViewCell.swift in Sources */ = {isa = PBXBuildFile; fileRef = FD91229C2958E7C100248104 /* HourlyWeatherCollectionViewCell.swift */; };
		FD91229F2963698F00248104 /* DateWeatherTableViewCell.swift in Sources */ = {isa = PBXBuildFile; fileRef = FD91229E2963698F00248104 /* DateWeatherTableViewCell.swift */; };
		FD9122A329662E5F00248104 /* HourDetailTableViewCell.swift in Sources */ = {isa = PBXBuildFile; fileRef = FD9122A229662E5F00248104 /* HourDetailTableViewCell.swift */; };
		FD9122A72966337D00248104 /* TwentyFourHoursDetailWeatherViewController.swift in Sources */ = {isa = PBXBuildFile; fileRef = FD9122A62966337D00248104 /* TwentyFourHoursDetailWeatherViewController.swift */; };
		FDCA8AEE2969830100FF58D0 /* SunMoonView.swift in Sources */ = {isa = PBXBuildFile; fileRef = FDCA8AED2969830100FF58D0 /* SunMoonView.swift */; };
		FDCA8AF02969CA6900FF58D0 /* DayNightTableView.swift in Sources */ = {isa = PBXBuildFile; fileRef = FDCA8AEF2969CA6900FF58D0 /* DayNightTableView.swift */; };
		FDCA8AF22969CA9700FF58D0 /* DayNightTableHeaderView.swift in Sources */ = {isa = PBXBuildFile; fileRef = FDCA8AF12969CA9700FF58D0 /* DayNightTableHeaderView.swift */; };
		FDCA8AF4296A10EE00FF58D0 /* DayNightTableViewCell.swift in Sources */ = {isa = PBXBuildFile; fileRef = FDCA8AF3296A10EE00FF58D0 /* DayNightTableViewCell.swift */; };
		FDCA8AF6296B2E8F00FF58D0 /* LocationManager.swift in Sources */ = {isa = PBXBuildFile; fileRef = FDCA8AF5296B2E8F00FF58D0 /* LocationManager.swift */; };
/* End PBXBuildFile section */

/* Begin PBXFileReference section */
		FD3E5E1C28EF4DB100C5CE1F /* Weather.app */ = {isa = PBXFileReference; explicitFileType = wrapper.application; includeInIndex = 0; path = Weather.app; sourceTree = BUILT_PRODUCTS_DIR; };
		FD3E5E1F28EF4DB100C5CE1F /* AppDelegate.swift */ = {isa = PBXFileReference; lastKnownFileType = sourcecode.swift; path = AppDelegate.swift; sourceTree = "<group>"; };
		FD3E5E2128EF4DB100C5CE1F /* SceneDelegate.swift */ = {isa = PBXFileReference; lastKnownFileType = sourcecode.swift; path = SceneDelegate.swift; sourceTree = "<group>"; };
		FD3E5E2328EF4DB100C5CE1F /* ViewController.swift */ = {isa = PBXFileReference; lastKnownFileType = sourcecode.swift; path = ViewController.swift; sourceTree = "<group>"; };
		FD3E5E2628EF4DB100C5CE1F /* Base */ = {isa = PBXFileReference; lastKnownFileType = file.storyboard; name = Base; path = Base.lproj/Main.storyboard; sourceTree = "<group>"; };
		FD3E5E2928EF4DB100C5CE1F /* Weather.xcdatamodel */ = {isa = PBXFileReference; lastKnownFileType = wrapper.xcdatamodel; path = Weather.xcdatamodel; sourceTree = "<group>"; };
		FD3E5E2B28EF4DB200C5CE1F /* Assets.xcassets */ = {isa = PBXFileReference; lastKnownFileType = folder.assetcatalog; path = Assets.xcassets; sourceTree = "<group>"; };
		FD3E5E2E28EF4DB200C5CE1F /* Base */ = {isa = PBXFileReference; lastKnownFileType = file.storyboard; name = Base; path = Base.lproj/LaunchScreen.storyboard; sourceTree = "<group>"; };
		FD3E5E3028EF4DB200C5CE1F /* Info.plist */ = {isa = PBXFileReference; lastKnownFileType = text.plist.xml; path = Info.plist; sourceTree = "<group>"; };
		FD3E5E3628EF4DE000C5CE1F /* CoreDataManager.swift */ = {isa = PBXFileReference; lastKnownFileType = sourcecode.swift; path = CoreDataManager.swift; sourceTree = "<group>"; };
		FD3E5E3828EF4EAD00C5CE1F /* PermissionViewController.swift */ = {isa = PBXFileReference; lastKnownFileType = sourcecode.swift; path = PermissionViewController.swift; sourceTree = "<group>"; };
		FD3E5E3A28EF51E700C5CE1F /* UIView+Extention.swift */ = {isa = PBXFileReference; lastKnownFileType = sourcecode.swift; path = "UIView+Extention.swift"; sourceTree = "<group>"; };
		FD3E5E3C28EF542900C5CE1F /* ALConstants.swift */ = {isa = PBXFileReference; lastKnownFileType = sourcecode.swift; path = ALConstants.swift; sourceTree = "<group>"; };
		FD69AEA92945099F00A4A391 /* SettingsViewController.swift */ = {isa = PBXFileReference; lastKnownFileType = sourcecode.swift; path = SettingsViewController.swift; sourceTree = "<group>"; };
		FD69AEAC2945E79900A4A391 /* DaySummaryWeatherViewController.swift */ = {isa = PBXFileReference; lastKnownFileType = sourcecode.swift; path = DaySummaryWeatherViewController.swift; sourceTree = "<group>"; };
		FD69AEAE29464F1900A4A391 /* Rubik-ExtraBold.ttf */ = {isa = PBXFileReference; lastKnownFileType = file; path = "Rubik-ExtraBold.ttf"; sourceTree = "<group>"; };
		FD69AEAF29464F1900A4A391 /* Rubik-Bold.ttf */ = {isa = PBXFileReference; lastKnownFileType = file; path = "Rubik-Bold.ttf"; sourceTree = "<group>"; };
		FD69AEB029464F1900A4A391 /* Rubik-ExtraBoldItalic.ttf */ = {isa = PBXFileReference; lastKnownFileType = file; path = "Rubik-ExtraBoldItalic.ttf"; sourceTree = "<group>"; };
		FD69AEB129464F1A00A4A391 /* Rubik-Regular.ttf */ = {isa = PBXFileReference; lastKnownFileType = file; path = "Rubik-Regular.ttf"; sourceTree = "<group>"; };
		FD69AEB229464F1A00A4A391 /* Rubik-BlackItalic.ttf */ = {isa = PBXFileReference; lastKnownFileType = file; path = "Rubik-BlackItalic.ttf"; sourceTree = "<group>"; };
		FD69AEB329464F1A00A4A391 /* Rubik-Italic.ttf */ = {isa = PBXFileReference; lastKnownFileType = file; path = "Rubik-Italic.ttf"; sourceTree = "<group>"; };
		FD69AEB429464F1A00A4A391 /* Rubik-SemiBoldItalic.ttf */ = {isa = PBXFileReference; lastKnownFileType = file; path = "Rubik-SemiBoldItalic.ttf"; sourceTree = "<group>"; };
		FD69AEB529464F1A00A4A391 /* Rubik-Black.ttf */ = {isa = PBXFileReference; lastKnownFileType = file; path = "Rubik-Black.ttf"; sourceTree = "<group>"; };
		FD69AEB629464F1A00A4A391 /* Rubik-Medium.ttf */ = {isa = PBXFileReference; lastKnownFileType = file; path = "Rubik-Medium.ttf"; sourceTree = "<group>"; };
		FD69AEB729464F1A00A4A391 /* Rubik-SemiBold.ttf */ = {isa = PBXFileReference; lastKnownFileType = file; path = "Rubik-SemiBold.ttf"; sourceTree = "<group>"; };
		FD69AEB829464F1A00A4A391 /* Rubik-Light.ttf */ = {isa = PBXFileReference; lastKnownFileType = file; path = "Rubik-Light.ttf"; sourceTree = "<group>"; };
		FD69AEB929464F1A00A4A391 /* Rubik-MediumItalic.ttf */ = {isa = PBXFileReference; lastKnownFileType = file; path = "Rubik-MediumItalic.ttf"; sourceTree = "<group>"; };
		FD69AEBA29464F1A00A4A391 /* Rubik-LightItalic.ttf */ = {isa = PBXFileReference; lastKnownFileType = file; path = "Rubik-LightItalic.ttf"; sourceTree = "<group>"; };
		FD69AEBB29464F1A00A4A391 /* Rubik-BoldItalic.ttf */ = {isa = PBXFileReference; lastKnownFileType = file; path = "Rubik-BoldItalic.ttf"; sourceTree = "<group>"; };
		FD69AECB2947ADEE00A4A391 /* CitiesPageViewController.swift */ = {isa = PBXFileReference; lastKnownFileType = sourcecode.swift; path = CitiesPageViewController.swift; sourceTree = "<group>"; };
		FD69AECD294F2E2C00A4A391 /* CityViewController.swift */ = {isa = PBXFileReference; lastKnownFileType = sourcecode.swift; path = CityViewController.swift; sourceTree = "<group>"; };
		FD69AECF294F382400A4A391 /* DayWeatherView.swift */ = {isa = PBXFileReference; lastKnownFileType = sourcecode.swift; path = DayWeatherView.swift; sourceTree = "<group>"; };
		FD91229C2958E7C100248104 /* HourlyWeatherCollectionViewCell.swift */ = {isa = PBXFileReference; lastKnownFileType = sourcecode.swift; path = HourlyWeatherCollectionViewCell.swift; sourceTree = "<group>"; };
		FD91229E2963698F00248104 /* DateWeatherTableViewCell.swift */ = {isa = PBXFileReference; lastKnownFileType = sourcecode.swift; path = DateWeatherTableViewCell.swift; sourceTree = "<group>"; };
		FD9122A229662E5F00248104 /* HourDetailTableViewCell.swift */ = {isa = PBXFileReference; lastKnownFileType = sourcecode.swift; path = HourDetailTableViewCell.swift; sourceTree = "<group>"; };
		FD9122A62966337D00248104 /* TwentyFourHoursDetailWeatherViewController.swift */ = {isa = PBXFileReference; lastKnownFileType = sourcecode.swift; path = TwentyFourHoursDetailWeatherViewController.swift; sourceTree = "<group>"; };
		FDCA8AED2969830100FF58D0 /* SunMoonView.swift */ = {isa = PBXFileReference; lastKnownFileType = sourcecode.swift; path = SunMoonView.swift; sourceTree = "<group>"; };
		FDCA8AEF2969CA6900FF58D0 /* DayNightTableView.swift */ = {isa = PBXFileReference; lastKnownFileType = sourcecode.swift; path = DayNightTableView.swift; sourceTree = "<group>"; };
		FDCA8AF12969CA9700FF58D0 /* DayNightTableHeaderView.swift */ = {isa = PBXFileReference; lastKnownFileType = sourcecode.swift; path = DayNightTableHeaderView.swift; sourceTree = "<group>"; };
		FDCA8AF3296A10EE00FF58D0 /* DayNightTableViewCell.swift */ = {isa = PBXFileReference; lastKnownFileType = sourcecode.swift; path = DayNightTableViewCell.swift; sourceTree = "<group>"; };
		FDCA8AF5296B2E8F00FF58D0 /* LocationManager.swift */ = {isa = PBXFileReference; lastKnownFileType = sourcecode.swift; path = LocationManager.swift; sourceTree = "<group>"; };
/* End PBXFileReference section */

/* Begin PBXFrameworksBuildPhase section */
		FD3E5E1928EF4DB100C5CE1F /* Frameworks */ = {
			isa = PBXFrameworksBuildPhase;
			buildActionMask = 2147483647;
			files = (
			);
			runOnlyForDeploymentPostprocessing = 0;
		};
/* End PBXFrameworksBuildPhase section */

/* Begin PBXGroup section */
		FD3E5E1328EF4DB100C5CE1F = {
			isa = PBXGroup;
			children = (
				FD3E5E1E28EF4DB100C5CE1F /* Weather */,
				FD3E5E1D28EF4DB100C5CE1F /* Products */,
			);
			sourceTree = "<group>";
		};
		FD3E5E1D28EF4DB100C5CE1F /* Products */ = {
			isa = PBXGroup;
			children = (
				FD3E5E1C28EF4DB100C5CE1F /* Weather.app */,
			);
			name = Products;
			sourceTree = "<group>";
		};
		FD3E5E1E28EF4DB100C5CE1F /* Weather */ = {
			isa = PBXGroup;
			children = (
				FD3E5E1F28EF4DB100C5CE1F /* AppDelegate.swift */,
				FD3E5E2128EF4DB100C5CE1F /* SceneDelegate.swift */,
				FD3E5E2328EF4DB100C5CE1F /* ViewController.swift */,
				FD3E5E3A28EF51E700C5CE1F /* UIView+Extention.swift */,
				FD3E5E2528EF4DB100C5CE1F /* Main.storyboard */,
				FD3E5E2B28EF4DB200C5CE1F /* Assets.xcassets */,
				FD3E5E2D28EF4DB200C5CE1F /* LaunchScreen.storyboard */,
				FD3E5E3028EF4DB200C5CE1F /* Info.plist */,
				FD3E5E2828EF4DB100C5CE1F /* Weather.xcdatamodeld */,
				FD3E5E3628EF4DE000C5CE1F /* CoreDataManager.swift */,
				FD3E5E3828EF4EAD00C5CE1F /* PermissionViewController.swift */,
				FD3E5E3C28EF542900C5CE1F /* ALConstants.swift */,
				FD69AEAB29450D4000A4A391 /* Settings Page */,
				FD69AECB2947ADEE00A4A391 /* CitiesPageViewController.swift */,
				FD69AECD294F2E2C00A4A391 /* CityViewController.swift */,
				FD69AECF294F382400A4A391 /* DayWeatherView.swift */,
				FD91229C2958E7C100248104 /* HourlyWeatherCollectionViewCell.swift */,
				FD91229E2963698F00248104 /* DateWeatherTableViewCell.swift */,
				FD69AECA29464F1F00A4A391 /* Fonts */,
				FD9122A429662E9600248104 /* TwentyFourHoursDetailWeather */,
				FD9122A529662EFA00248104 /* DaySummaryWeather */,
				FDCA8AF5296B2E8F00FF58D0 /* LocationManager.swift */,
			);
			path = Weather;
			sourceTree = "<group>";
		};
		FD69AEAB29450D4000A4A391 /* Settings Page */ = {
			isa = PBXGroup;
			children = (
				FD69AEA92945099F00A4A391 /* SettingsViewController.swift */,
			);
			path = "Settings Page";
			sourceTree = "<group>";
		};
		FD69AECA29464F1F00A4A391 /* Fonts */ = {
			isa = PBXGroup;
			children = (
				FD69AEB529464F1A00A4A391 /* Rubik-Black.ttf */,
				FD69AEB229464F1A00A4A391 /* Rubik-BlackItalic.ttf */,
				FD69AEAF29464F1900A4A391 /* Rubik-Bold.ttf */,
				FD69AEBB29464F1A00A4A391 /* Rubik-BoldItalic.ttf */,
				FD69AEAE29464F1900A4A391 /* Rubik-ExtraBold.ttf */,
				FD69AEB029464F1900A4A391 /* Rubik-ExtraBoldItalic.ttf */,
				FD69AEB329464F1A00A4A391 /* Rubik-Italic.ttf */,
				FD69AEB829464F1A00A4A391 /* Rubik-Light.ttf */,
				FD69AEBA29464F1A00A4A391 /* Rubik-LightItalic.ttf */,
				FD69AEB629464F1A00A4A391 /* Rubik-Medium.ttf */,
				FD69AEB929464F1A00A4A391 /* Rubik-MediumItalic.ttf */,
				FD69AEB129464F1A00A4A391 /* Rubik-Regular.ttf */,
				FD69AEB729464F1A00A4A391 /* Rubik-SemiBold.ttf */,
				FD69AEB429464F1A00A4A391 /* Rubik-SemiBoldItalic.ttf */,
			);
			path = Fonts;
			sourceTree = "<group>";
		};
		FD9122A429662E9600248104 /* TwentyFourHoursDetailWeather */ = {
			isa = PBXGroup;
			children = (
				FD9122A229662E5F00248104 /* HourDetailTableViewCell.swift */,
				FD9122A62966337D00248104 /* TwentyFourHoursDetailWeatherViewController.swift */,
			);
			path = TwentyFourHoursDetailWeather;
			sourceTree = "<group>";
		};
		FD9122A529662EFA00248104 /* DaySummaryWeather */ = {
			isa = PBXGroup;
			children = (
				FD69AEAC2945E79900A4A391 /* DaySummaryWeatherViewController.swift */,
				FDCA8AED2969830100FF58D0 /* SunMoonView.swift */,
				FDCA8AEF2969CA6900FF58D0 /* DayNightTableView.swift */,
				FDCA8AF12969CA9700FF58D0 /* DayNightTableHeaderView.swift */,
				FDCA8AF3296A10EE00FF58D0 /* DayNightTableViewCell.swift */,
			);
			path = DaySummaryWeather;
			sourceTree = "<group>";
		};
/* End PBXGroup section */

/* Begin PBXNativeTarget section */
		FD3E5E1B28EF4DB100C5CE1F /* Weather */ = {
			isa = PBXNativeTarget;
			buildConfigurationList = FD3E5E3328EF4DB200C5CE1F /* Build configuration list for PBXNativeTarget "Weather" */;
			buildPhases = (
				FD3E5E1828EF4DB100C5CE1F /* Sources */,
				FD3E5E1928EF4DB100C5CE1F /* Frameworks */,
				FD3E5E1A28EF4DB100C5CE1F /* Resources */,
			);
			buildRules = (
			);
			dependencies = (
			);
			name = Weather;
			productName = Weather;
			productReference = FD3E5E1C28EF4DB100C5CE1F /* Weather.app */;
			productType = "com.apple.product-type.application";
		};
/* End PBXNativeTarget section */

/* Begin PBXProject section */
		FD3E5E1428EF4DB100C5CE1F /* Project object */ = {
			isa = PBXProject;
			attributes = {
				BuildIndependentTargetsInParallel = 1;
				LastSwiftUpdateCheck = 1340;
				LastUpgradeCheck = 1340;
				TargetAttributes = {
					FD3E5E1B28EF4DB100C5CE1F = {
						CreatedOnToolsVersion = 13.4.1;
					};
				};
			};
			buildConfigurationList = FD3E5E1728EF4DB100C5CE1F /* Build configuration list for PBXProject "Weather" */;
			compatibilityVersion = "Xcode 13.0";
			developmentRegion = en;
			hasScannedForEncodings = 0;
			knownRegions = (
				en,
				Base,
			);
			mainGroup = FD3E5E1328EF4DB100C5CE1F;
			productRefGroup = FD3E5E1D28EF4DB100C5CE1F /* Products */;
			projectDirPath = "";
			projectRoot = "";
			targets = (
				FD3E5E1B28EF4DB100C5CE1F /* Weather */,
			);
		};
/* End PBXProject section */

/* Begin PBXResourcesBuildPhase section */
		FD3E5E1A28EF4DB100C5CE1F /* Resources */ = {
			isa = PBXResourcesBuildPhase;
			buildActionMask = 2147483647;
			files = (
				FD69AEBE29464F1A00A4A391 /* Rubik-ExtraBoldItalic.ttf in Resources */,
				FD69AEC529464F1A00A4A391 /* Rubik-SemiBold.ttf in Resources */,
				FD69AEBF29464F1A00A4A391 /* Rubik-Regular.ttf in Resources */,
				FD3E5E2F28EF4DB200C5CE1F /* LaunchScreen.storyboard in Resources */,
				FD69AEC429464F1A00A4A391 /* Rubik-Medium.ttf in Resources */,
				FD69AEC629464F1A00A4A391 /* Rubik-Light.ttf in Resources */,
				FD69AEC329464F1A00A4A391 /* Rubik-Black.ttf in Resources */,
				FD69AEC729464F1A00A4A391 /* Rubik-MediumItalic.ttf in Resources */,
				FD3E5E2C28EF4DB200C5CE1F /* Assets.xcassets in Resources */,
				FD69AEC829464F1A00A4A391 /* Rubik-LightItalic.ttf in Resources */,
				FD69AEBC29464F1A00A4A391 /* Rubik-ExtraBold.ttf in Resources */,
				FD69AEC129464F1A00A4A391 /* Rubik-Italic.ttf in Resources */,
				FD3E5E2728EF4DB100C5CE1F /* Main.storyboard in Resources */,
				FD69AEC229464F1A00A4A391 /* Rubik-SemiBoldItalic.ttf in Resources */,
				FD69AEC029464F1A00A4A391 /* Rubik-BlackItalic.ttf in Resources */,
				FD69AEBD29464F1A00A4A391 /* Rubik-Bold.ttf in Resources */,
				FD69AEC929464F1A00A4A391 /* Rubik-BoldItalic.ttf in Resources */,
			);
			runOnlyForDeploymentPostprocessing = 0;
		};
/* End PBXResourcesBuildPhase section */

/* Begin PBXSourcesBuildPhase section */
		FD3E5E1828EF4DB100C5CE1F /* Sources */ = {
			isa = PBXSourcesBuildPhase;
			buildActionMask = 2147483647;
			files = (
				FD3E5E3D28EF542900C5CE1F /* ALConstants.swift in Sources */,
				FD9122A329662E5F00248104 /* HourDetailTableViewCell.swift in Sources */,
				FD3E5E2A28EF4DB100C5CE1F /* Weather.xcdatamodeld in Sources */,
				FD91229D2958E7C100248104 /* HourlyWeatherCollectionViewCell.swift in Sources */,
				FDCA8AEE2969830100FF58D0 /* SunMoonView.swift in Sources */,
				FD3E5E3928EF4EAD00C5CE1F /* PermissionViewController.swift in Sources */,
				FDCA8AF02969CA6900FF58D0 /* DayNightTableView.swift in Sources */,
				FD69AECC2947ADEE00A4A391 /* CitiesPageViewController.swift in Sources */,
				FD3E5E2428EF4DB100C5CE1F /* ViewController.swift in Sources */,
				FD3E5E3B28EF51E700C5CE1F /* UIView+Extention.swift in Sources */,
				FD9122A72966337D00248104 /* TwentyFourHoursDetailWeatherViewController.swift in Sources */,
				FD69AEAD2945E79900A4A391 /* DaySummaryWeatherViewController.swift in Sources */,
				FDCA8AF22969CA9700FF58D0 /* DayNightTableHeaderView.swift in Sources */,
				FD3E5E2028EF4DB100C5CE1F /* AppDelegate.swift in Sources */,
				FDCA8AF6296B2E8F00FF58D0 /* LocationManager.swift in Sources */,
				FD3E5E3728EF4DE000C5CE1F /* CoreDataManager.swift in Sources */,
				FD3E5E2228EF4DB100C5CE1F /* SceneDelegate.swift in Sources */,
				FD91229F2963698F00248104 /* DateWeatherTableViewCell.swift in Sources */,
				FD69AEAA2945099F00A4A391 /* SettingsViewController.swift in Sources */,
				FDCA8AF4296A10EE00FF58D0 /* DayNightTableViewCell.swift in Sources */,
				FD69AECE294F2E2C00A4A391 /* CityViewController.swift in Sources */,
				FD69AED0294F382400A4A391 /* DayWeatherView.swift in Sources */,
			);
			runOnlyForDeploymentPostprocessing = 0;
		};
/* End PBXSourcesBuildPhase section */

/* Begin PBXVariantGroup section */
		FD3E5E2528EF4DB100C5CE1F /* Main.storyboard */ = {
			isa = PBXVariantGroup;
			children = (
				FD3E5E2628EF4DB100C5CE1F /* Base */,
			);
			name = Main.storyboard;
			sourceTree = "<group>";
		};
		FD3E5E2D28EF4DB200C5CE1F /* LaunchScreen.storyboard */ = {
			isa = PBXVariantGroup;
			children = (
				FD3E5E2E28EF4DB200C5CE1F /* Base */,
			);
			name = LaunchScreen.storyboard;
			sourceTree = "<group>";
		};
/* End PBXVariantGroup section */

/* Begin XCBuildConfiguration section */
		FD3E5E3128EF4DB200C5CE1F /* Debug */ = {
			isa = XCBuildConfiguration;
			buildSettings = {
				ALWAYS_SEARCH_USER_PATHS = NO;
				CLANG_ANALYZER_NONNULL = YES;
				CLANG_ANALYZER_NUMBER_OBJECT_CONVERSION = YES_AGGRESSIVE;
				CLANG_CXX_LANGUAGE_STANDARD = "gnu++17";
				CLANG_ENABLE_MODULES = YES;
				CLANG_ENABLE_OBJC_ARC = YES;
				CLANG_ENABLE_OBJC_WEAK = YES;
				CLANG_WARN_BLOCK_CAPTURE_AUTORELEASING = YES;
				CLANG_WARN_BOOL_CONVERSION = YES;
				CLANG_WARN_COMMA = YES;
				CLANG_WARN_CONSTANT_CONVERSION = YES;
				CLANG_WARN_DEPRECATED_OBJC_IMPLEMENTATIONS = YES;
				CLANG_WARN_DIRECT_OBJC_ISA_USAGE = YES_ERROR;
				CLANG_WARN_DOCUMENTATION_COMMENTS = YES;
				CLANG_WARN_EMPTY_BODY = YES;
				CLANG_WARN_ENUM_CONVERSION = YES;
				CLANG_WARN_INFINITE_RECURSION = YES;
				CLANG_WARN_INT_CONVERSION = YES;
				CLANG_WARN_NON_LITERAL_NULL_CONVERSION = YES;
				CLANG_WARN_OBJC_IMPLICIT_RETAIN_SELF = YES;
				CLANG_WARN_OBJC_LITERAL_CONVERSION = YES;
				CLANG_WARN_OBJC_ROOT_CLASS = YES_ERROR;
				CLANG_WARN_QUOTED_INCLUDE_IN_FRAMEWORK_HEADER = YES;
				CLANG_WARN_RANGE_LOOP_ANALYSIS = YES;
				CLANG_WARN_STRICT_PROTOTYPES = YES;
				CLANG_WARN_SUSPICIOUS_MOVE = YES;
				CLANG_WARN_UNGUARDED_AVAILABILITY = YES_AGGRESSIVE;
				CLANG_WARN_UNREACHABLE_CODE = YES;
				CLANG_WARN__DUPLICATE_METHOD_MATCH = YES;
				COPY_PHASE_STRIP = NO;
				DEBUG_INFORMATION_FORMAT = dwarf;
				ENABLE_STRICT_OBJC_MSGSEND = YES;
				ENABLE_TESTABILITY = YES;
				GCC_C_LANGUAGE_STANDARD = gnu11;
				GCC_DYNAMIC_NO_PIC = NO;
				GCC_NO_COMMON_BLOCKS = YES;
				GCC_OPTIMIZATION_LEVEL = 0;
				GCC_PREPROCESSOR_DEFINITIONS = (
					"DEBUG=1",
					"$(inherited)",
				);
				GCC_WARN_64_TO_32_BIT_CONVERSION = YES;
				GCC_WARN_ABOUT_RETURN_TYPE = YES_ERROR;
				GCC_WARN_UNDECLARED_SELECTOR = YES;
				GCC_WARN_UNINITIALIZED_AUTOS = YES_AGGRESSIVE;
				GCC_WARN_UNUSED_FUNCTION = YES;
				GCC_WARN_UNUSED_VARIABLE = YES;
				IPHONEOS_DEPLOYMENT_TARGET = 15.5;
				MTL_ENABLE_DEBUG_INFO = INCLUDE_SOURCE;
				MTL_FAST_MATH = YES;
				ONLY_ACTIVE_ARCH = YES;
				SDKROOT = iphoneos;
				SWIFT_ACTIVE_COMPILATION_CONDITIONS = DEBUG;
				SWIFT_OPTIMIZATION_LEVEL = "-Onone";
			};
			name = Debug;
		};
		FD3E5E3228EF4DB200C5CE1F /* Release */ = {
			isa = XCBuildConfiguration;
			buildSettings = {
				ALWAYS_SEARCH_USER_PATHS = NO;
				CLANG_ANALYZER_NONNULL = YES;
				CLANG_ANALYZER_NUMBER_OBJECT_CONVERSION = YES_AGGRESSIVE;
				CLANG_CXX_LANGUAGE_STANDARD = "gnu++17";
				CLANG_ENABLE_MODULES = YES;
				CLANG_ENABLE_OBJC_ARC = YES;
				CLANG_ENABLE_OBJC_WEAK = YES;
				CLANG_WARN_BLOCK_CAPTURE_AUTORELEASING = YES;
				CLANG_WARN_BOOL_CONVERSION = YES;
				CLANG_WARN_COMMA = YES;
				CLANG_WARN_CONSTANT_CONVERSION = YES;
				CLANG_WARN_DEPRECATED_OBJC_IMPLEMENTATIONS = YES;
				CLANG_WARN_DIRECT_OBJC_ISA_USAGE = YES_ERROR;
				CLANG_WARN_DOCUMENTATION_COMMENTS = YES;
				CLANG_WARN_EMPTY_BODY = YES;
				CLANG_WARN_ENUM_CONVERSION = YES;
				CLANG_WARN_INFINITE_RECURSION = YES;
				CLANG_WARN_INT_CONVERSION = YES;
				CLANG_WARN_NON_LITERAL_NULL_CONVERSION = YES;
				CLANG_WARN_OBJC_IMPLICIT_RETAIN_SELF = YES;
				CLANG_WARN_OBJC_LITERAL_CONVERSION = YES;
				CLANG_WARN_OBJC_ROOT_CLASS = YES_ERROR;
				CLANG_WARN_QUOTED_INCLUDE_IN_FRAMEWORK_HEADER = YES;
				CLANG_WARN_RANGE_LOOP_ANALYSIS = YES;
				CLANG_WARN_STRICT_PROTOTYPES = YES;
				CLANG_WARN_SUSPICIOUS_MOVE = YES;
				CLANG_WARN_UNGUARDED_AVAILABILITY = YES_AGGRESSIVE;
				CLANG_WARN_UNREACHABLE_CODE = YES;
				CLANG_WARN__DUPLICATE_METHOD_MATCH = YES;
				COPY_PHASE_STRIP = NO;
				DEBUG_INFORMATION_FORMAT = "dwarf-with-dsym";
				ENABLE_NS_ASSERTIONS = NO;
				ENABLE_STRICT_OBJC_MSGSEND = YES;
				GCC_C_LANGUAGE_STANDARD = gnu11;
				GCC_NO_COMMON_BLOCKS = YES;
				GCC_WARN_64_TO_32_BIT_CONVERSION = YES;
				GCC_WARN_ABOUT_RETURN_TYPE = YES_ERROR;
				GCC_WARN_UNDECLARED_SELECTOR = YES;
				GCC_WARN_UNINITIALIZED_AUTOS = YES_AGGRESSIVE;
				GCC_WARN_UNUSED_FUNCTION = YES;
				GCC_WARN_UNUSED_VARIABLE = YES;
				IPHONEOS_DEPLOYMENT_TARGET = 15.5;
				MTL_ENABLE_DEBUG_INFO = NO;
				MTL_FAST_MATH = YES;
				SDKROOT = iphoneos;
				SWIFT_COMPILATION_MODE = wholemodule;
				SWIFT_OPTIMIZATION_LEVEL = "-O";
				VALIDATE_PRODUCT = YES;
			};
			name = Release;
		};
		FD3E5E3428EF4DB200C5CE1F /* Debug */ = {
			isa = XCBuildConfiguration;
			buildSettings = {
				ASSETCATALOG_COMPILER_APPICON_NAME = AppIcon;
				ASSETCATALOG_COMPILER_GLOBAL_ACCENT_COLOR_NAME = AccentColor;
				CODE_SIGN_STYLE = Automatic;
				CURRENT_PROJECT_VERSION = 1;
				GENERATE_INFOPLIST_FILE = YES;
				INFOPLIST_FILE = Weather/Info.plist;
				INFOPLIST_KEY_UIApplicationSupportsIndirectInputEvents = YES;
				INFOPLIST_KEY_UILaunchStoryboardName = LaunchScreen;
				INFOPLIST_KEY_UIMainStoryboardFile = Main;
				INFOPLIST_KEY_UISupportedInterfaceOrientations_iPad = "UIInterfaceOrientationPortrait UIInterfaceOrientationPortraitUpsideDown UIInterfaceOrientationLandscapeLeft UIInterfaceOrientationLandscapeRight";
				INFOPLIST_KEY_UISupportedInterfaceOrientations_iPhone = "UIInterfaceOrientationPortrait UIInterfaceOrientationLandscapeLeft UIInterfaceOrientationLandscapeRight";
				IPHONEOS_DEPLOYMENT_TARGET = 14.0;
				LD_RUNPATH_SEARCH_PATHS = (
					"$(inherited)",
					"@executable_path/Frameworks",
				);
				MARKETING_VERSION = 1.0;
				PRODUCT_BUNDLE_IDENTIFIER = niyaz.Weather;
				PRODUCT_NAME = "$(TARGET_NAME)";
				SWIFT_EMIT_LOC_STRINGS = YES;
				SWIFT_VERSION = 5.0;
				TARGETED_DEVICE_FAMILY = "1,2";
			};
			name = Debug;
		};
		FD3E5E3528EF4DB200C5CE1F /* Release */ = {
			isa = XCBuildConfiguration;
			buildSettings = {
				ASSETCATALOG_COMPILER_APPICON_NAME = AppIcon;
				ASSETCATALOG_COMPILER_GLOBAL_ACCENT_COLOR_NAME = AccentColor;
				CODE_SIGN_STYLE = Automatic;
				CURRENT_PROJECT_VERSION = 1;
				GENERATE_INFOPLIST_FILE = YES;
				INFOPLIST_FILE = Weather/Info.plist;
				INFOPLIST_KEY_UIApplicationSupportsIndirectInputEvents = YES;
				INFOPLIST_KEY_UILaunchStoryboardName = LaunchScreen;
				INFOPLIST_KEY_UIMainStoryboardFile = Main;
				INFOPLIST_KEY_UISupportedInterfaceOrientations_iPad = "UIInterfaceOrientationPortrait UIInterfaceOrientationPortraitUpsideDown UIInterfaceOrientationLandscapeLeft UIInterfaceOrientationLandscapeRight";
				INFOPLIST_KEY_UISupportedInterfaceOrientations_iPhone = "UIInterfaceOrientationPortrait UIInterfaceOrientationLandscapeLeft UIInterfaceOrientationLandscapeRight";
				IPHONEOS_DEPLOYMENT_TARGET = 14.0;
				LD_RUNPATH_SEARCH_PATHS = (
					"$(inherited)",
					"@executable_path/Frameworks",
				);
				MARKETING_VERSION = 1.0;
				PRODUCT_BUNDLE_IDENTIFIER = niyaz.Weather;
				PRODUCT_NAME = "$(TARGET_NAME)";
				SWIFT_EMIT_LOC_STRINGS = YES;
				SWIFT_VERSION = 5.0;
				TARGETED_DEVICE_FAMILY = "1,2";
			};
			name = Release;
		};
/* End XCBuildConfiguration section */

/* Begin XCConfigurationList section */
		FD3E5E1728EF4DB100C5CE1F /* Build configuration list for PBXProject "Weather" */ = {
			isa = XCConfigurationList;
			buildConfigurations = (
				FD3E5E3128EF4DB200C5CE1F /* Debug */,
				FD3E5E3228EF4DB200C5CE1F /* Release */,
			);
			defaultConfigurationIsVisible = 0;
			defaultConfigurationName = Release;
		};
		FD3E5E3328EF4DB200C5CE1F /* Build configuration list for PBXNativeTarget "Weather" */ = {
			isa = XCConfigurationList;
			buildConfigurations = (
				FD3E5E3428EF4DB200C5CE1F /* Debug */,
				FD3E5E3528EF4DB200C5CE1F /* Release */,
			);
			defaultConfigurationIsVisible = 0;
			defaultConfigurationName = Release;
		};
/* End XCConfigurationList section */

/* Begin XCVersionGroup section */
		FD3E5E2828EF4DB100C5CE1F /* Weather.xcdatamodeld */ = {
			isa = XCVersionGroup;
			children = (
				FD3E5E2928EF4DB100C5CE1F /* Weather.xcdatamodel */,
			);
			currentVersion = FD3E5E2928EF4DB100C5CE1F /* Weather.xcdatamodel */;
			path = Weather.xcdatamodeld;
			sourceTree = "<group>";
			versionGroupType = wrapper.xcdatamodel;
		};
/* End XCVersionGroup section */
	};
	rootObject = FD3E5E1428EF4DB100C5CE1F /* Project object */;
}
